# THIS IS AN AUTOGENERATED FILE. DO NOT EDIT THIS FILE DIRECTLY.
# yarn lockfile v1


"@types/node@^12.12.9":
  version "12.12.50"
  resolved "https://registry.yarnpkg.com/@types/node/-/node-12.12.50.tgz#e9b2e85fafc15f2a8aa8fdd41091b983da5fd6ee"
  integrity sha512-5ImO01Fb8YsEOYpV+aeyGYztcYcjGsBvN4D7G5r1ef2cuQOpymjWNQi5V0rKHE6PC2ru3HkoUr/Br2/8GUA84w==

mobx-state-tree@^3.15.0:
  version "3.17.2"
  resolved "https://registry.yarnpkg.com/mobx-state-tree/-/mobx-state-tree-3.17.2.tgz#130ab4d450fc4dd6e2571b7385af1350c82def37"
  integrity sha512-X0+xO7yEvBvPmLU2Z6cp81sD0xQaMXgLD4lGZoKSasOhNJSQPyKlu/LFxJTS6Wgw7J3gkWq9MMfQ4pO6wGMVfw==

mobx@^5.15.0:
  version "5.15.4"
  resolved "https://registry.yarnpkg.com/mobx/-/mobx-5.15.4.tgz#9da1a84e97ba624622f4e55a0bf3300fb931c2ab"
  integrity sha512-xRFJxSU2Im3nrGCdjSuOTFmxVDGeqOHL+TyADCGbT0k4HHqGmx5u2yaHNryvoORpI4DfbzjJ5jPmuv+d7sioFw==

typescript@^3.7.2:
  version "3.9.7"
  resolved "https://registry.yarnpkg.com/typescript/-/typescript-3.9.7.tgz#98d600a5ebdc38f40cb277522f12dc800e9e25fa"
  integrity sha512-BLbiRkiBzAwsjut4x/dsibSTB6yWpwT5qWmC2OfuCg3GgVQCSgMs4vEctYPhsaGtd0AeuuHMkjZ2h2WG8MSzRw==
